// !$*UTF8*$!
{
	archiveVersion = 1;
	classes = {
	};
	objectVersion = 46;
	objects = {

/* Begin PBXBuildFile section */
		31F4E083AD18DC1741B04FC9 /* Plasmoid.cpp in Sources */ = {isa = PBXBuildFile; fileRef = 31F4E0F697341A57E2636D6D /* Plasmoid.cpp */; };
		31F4E1B84BE10B92B6EDFCEF /* GameView2D.mm in Sources */ = {isa = PBXBuildFile; fileRef = 31F4E21BCD5137779840F330 /* GameView2D.mm */; };
		31F4E3575761C049199FB9A4 /* Ship.cpp in Sources */ = {isa = PBXBuildFile; fileRef = 31F4E3DAAE09017503A7FDDE /* Ship.cpp */; };
		31F4E49B3D17C94288EACD4F /* Math2DTest.mm in Sources */ = {isa = PBXBuildFile; fileRef = 31F4E0AEF547856665EE0535 /* Math2DTest.mm */; };
		31F4E4D89C5EBA5C17A977DE /* Game.cpp in Sources */ = {isa = PBXBuildFile; fileRef = 31F4EECD6AB5AE27687FCDD0 /* Game.cpp */; };
		31F4E4ED128D697BFFB42C4B /* SpaceObject.cpp in Sources */ = {isa = PBXBuildFile; fileRef = 31F4E49D74A88B9F59954578 /* SpaceObject.cpp */; };
		31F4E531E12BEE42BDA8E8E0 /* Main.storyboard in Resources */ = {isa = PBXBuildFile; fileRef = 31F4EC2407C131C4E48C56F4 /* Main.storyboard */; };
		31F4E53C5A1767403A4200CF /* Space.cpp in Sources */ = {isa = PBXBuildFile; fileRef = 31F4E079A80F0DE812A5E484 /* Space.cpp */; };
		31F4E5F63F2A3934F506AC47 /* Shader.mm in Sources */ = {isa = PBXBuildFile; fileRef = 31F4EEA73B747DF93993E514 /* Shader.mm */; };
		31F4E65A23E4FBA11387314B /* Math2D.cpp in Sources */ = {isa = PBXBuildFile; fileRef = 31F4EE2ABD25D9750CB1B29C /* Math2D.cpp */; };
		31F4E9848FC35AA5F02927AD /* AppDelegate.mm in Sources */ = {isa = PBXBuildFile; fileRef = 31F4EB1A28F15068CABD9381 /* AppDelegate.mm */; };
		31F4EA088805C2B1F6E00BF3 /* SpaceArchitect.cpp in Sources */ = {isa = PBXBuildFile; fileRef = 31F4EBCBDCD405A399B50D2F /* SpaceArchitect.cpp */; };
		31F4EADBBB5843C0D2694491 /* shader.fsh in Resources */ = {isa = PBXBuildFile; fileRef = 31F4EED7375F9F6783631C02 /* shader.fsh */; };
		31F4EE0B5097FB40E61667A3 /* shader.vsh in Resources */ = {isa = PBXBuildFile; fileRef = 31F4E26C320E8654FC3FFEBF /* shader.vsh */; };
		31F4EE57AF5AE8CA6983253A /* Asteroid.cpp in Sources */ = {isa = PBXBuildFile; fileRef = 31F4EC3816FFC103C757A169 /* Asteroid.cpp */; };
		31F4EF29961B6D130B8504B9 /* GameViewController.mm in Sources */ = {isa = PBXBuildFile; fileRef = 31F4EB31693DC5AF863B8889 /* GameViewController.mm */; };
		31F4EF9065B79E467701570E /* Logger.cpp in Sources */ = {isa = PBXBuildFile; fileRef = 31F4E9631CBC8B0248D3684F /* Logger.cpp */; };
		4A65B4B817FBFE6000661974 /* AVFoundation.framework in Frameworks */ = {isa = PBXBuildFile; fileRef = 4A65B4B717FBFE6000661974 /* AVFoundation.framework */; };
		4A65B4BA17FC015000661974 /* plasmoid.m4a in Resources */ = {isa = PBXBuildFile; fileRef = 4A65B4B917FC015000661974 /* plasmoid.m4a */; };
		4A65B4BD17FC18EF00661974 /* asteroid_bang.m4a in Resources */ = {isa = PBXBuildFile; fileRef = 4A65B4BB17FC18EF00661974 /* asteroid_bang.m4a */; };
		4A65B4BE17FC18EF00661974 /* crash.m4a in Resources */ = {isa = PBXBuildFile; fileRef = 4A65B4BC17FC18EF00661974 /* crash.m4a */; };
		4A785ADA17D0E3FB00CB9555 /* UIKit.framework in Frameworks */ = {isa = PBXBuildFile; fileRef = 4A785AD917D0E3FB00CB9555 /* UIKit.framework */; };
		4A785ADC17D0E3FB00CB9555 /* Foundation.framework in Frameworks */ = {isa = PBXBuildFile; fileRef = 4A785ADB17D0E3FB00CB9555 /* Foundation.framework */; };
		4A785ADE17D0E3FB00CB9555 /* CoreGraphics.framework in Frameworks */ = {isa = PBXBuildFile; fileRef = 4A785ADD17D0E3FB00CB9555 /* CoreGraphics.framework */; };
		4A785AE217D0E3FB00CB9555 /* OpenGLES.framework in Frameworks */ = {isa = PBXBuildFile; fileRef = 4A785AE117D0E3FB00CB9555 /* OpenGLES.framework */; };
		4A785AE817D0E3FB00CB9555 /* InfoPlist.strings in Resources */ = {isa = PBXBuildFile; fileRef = 4A785AE617D0E3FB00CB9555 /* InfoPlist.strings */; };
		4A785AEA17D0E3FB00CB9555 /* main.m in Sources */ = {isa = PBXBuildFile; fileRef = 4A785AE917D0E3FB00CB9555 /* main.m */; };
		4A785AF017D0E3FB00CB9555 /* Default.png in Resources */ = {isa = PBXBuildFile; fileRef = 4A785AEF17D0E3FB00CB9555 /* Default.png */; };
		4A785AF217D0E3FB00CB9555 /* Default@2x.png in Resources */ = {isa = PBXBuildFile; fileRef = 4A785AF117D0E3FB00CB9555 /* Default@2x.png */; };
		4A785AF417D0E3FB00CB9555 /* Default-568h@2x.png in Resources */ = {isa = PBXBuildFile; fileRef = 4A785AF317D0E3FB00CB9555 /* Default-568h@2x.png */; };
		4A785B0917D0E3FC00CB9555 /* SenTestingKit.framework in Frameworks */ = {isa = PBXBuildFile; fileRef = 4A785B0817D0E3FC00CB9555 /* SenTestingKit.framework */; };
		4A785B0A17D0E3FC00CB9555 /* UIKit.framework in Frameworks */ = {isa = PBXBuildFile; fileRef = 4A785AD917D0E3FB00CB9555 /* UIKit.framework */; };
		4A785B0B17D0E3FC00CB9555 /* Foundation.framework in Frameworks */ = {isa = PBXBuildFile; fileRef = 4A785ADB17D0E3FB00CB9555 /* Foundation.framework */; };
		4A785B1317D0E3FC00CB9555 /* InfoPlist.strings in Resources */ = {isa = PBXBuildFile; fileRef = 4A785B1117D0E3FC00CB9555 /* InfoPlist.strings */; };
		4A785B2917D5190A00CB9555 /* QuartzCore.framework in Frameworks */ = {isa = PBXBuildFile; fileRef = 4A785B2817D5190A00CB9555 /* QuartzCore.framework */; };
		4AB6C2FF17ECB381008A2D67 /* atack_btn.png in Resources */ = {isa = PBXBuildFile; fileRef = 4AB6C2FC17ECB381008A2D67 /* atack_btn.png */; };
		4AB6C30017ECB381008A2D67 /* joystick_field.png in Resources */ = {isa = PBXBuildFile; fileRef = 4AB6C2FD17ECB381008A2D67 /* joystick_field.png */; };
		4AB6C30117ECB381008A2D67 /* joystick_body.png in Resources */ = {isa = PBXBuildFile; fileRef = 4AB6C2FE17ECB381008A2D67 /* joystick_body.png */; };
		4AD7D14A17F036AC0055A1A8 /* Spacecraft-In-Space-646x970.jpg in Resources */ = {isa = PBXBuildFile; fileRef = 4AD7D14917F036AC0055A1A8 /* Spacecraft-In-Space-646x970.jpg */; };
/* End PBXBuildFile section */

/* Begin PBXContainerItemProxy section */
		4A785B0C17D0E3FC00CB9555 /* PBXContainerItemProxy */ = {
			isa = PBXContainerItemProxy;
			containerPortal = 4A785ACE17D0E3FB00CB9555 /* Project object */;
			proxyType = 1;
			remoteGlobalIDString = 4A785AD517D0E3FB00CB9555;
			remoteInfo = "Asteroid Ninja";
		};
/* End PBXContainerItemProxy section */

/* Begin PBXFileReference section */
		31F4E079A80F0DE812A5E484 /* Space.cpp */ = {isa = PBXFileReference; fileEncoding = 4; lastKnownFileType = sourcecode.cpp.cpp; path = Space.cpp; sourceTree = "<group>"; };
		31F4E0AEF547856665EE0535 /* Math2DTest.mm */ = {isa = PBXFileReference; fileEncoding = 4; lastKnownFileType = sourcecode.cpp.objcpp; path = Math2DTest.mm; sourceTree = "<group>"; };
		31F4E0F697341A57E2636D6D /* Plasmoid.cpp */ = {isa = PBXFileReference; fileEncoding = 4; lastKnownFileType = sourcecode.cpp.cpp; path = Plasmoid.cpp; sourceTree = "<group>"; };
		31F4E11D3AFC55EE2A880FB6 /* AppDelegate.h */ = {isa = PBXFileReference; fileEncoding = 4; lastKnownFileType = sourcecode.c.h; path = AppDelegate.h; sourceTree = "<group>"; };
		31F4E11F0DD92E05FF871E5D /* Asteroid.h */ = {isa = PBXFileReference; fileEncoding = 4; lastKnownFileType = sourcecode.c.h; path = Asteroid.h; sourceTree = "<group>"; };
		31F4E21BCD5137779840F330 /* GameView2D.mm */ = {isa = PBXFileReference; fileEncoding = 4; lastKnownFileType = sourcecode.cpp.objcpp; path = GameView2D.mm; sourceTree = "<group>"; };
		31F4E26C320E8654FC3FFEBF /* shader.vsh */ = {isa = PBXFileReference; fileEncoding = 4; lastKnownFileType = sourcecode.glsl; path = shader.vsh; sourceTree = "<group>"; };
		31F4E3AE106166E9861B5A6F /* GameView2D.h */ = {isa = PBXFileReference; fileEncoding = 4; lastKnownFileType = sourcecode.c.h; path = GameView2D.h; sourceTree = "<group>"; };
		31F4E3DAAE09017503A7FDDE /* Ship.cpp */ = {isa = PBXFileReference; fileEncoding = 4; lastKnownFileType = sourcecode.cpp.cpp; path = Ship.cpp; sourceTree = "<group>"; };
		31F4E47FE9163CAC557EE334 /* GameViewController.h */ = {isa = PBXFileReference; fileEncoding = 4; lastKnownFileType = sourcecode.c.h; path = GameViewController.h; sourceTree = "<group>"; };
		31F4E49D74A88B9F59954578 /* SpaceObject.cpp */ = {isa = PBXFileReference; fileEncoding = 4; lastKnownFileType = sourcecode.cpp.cpp; path = SpaceObject.cpp; sourceTree = "<group>"; };
		31F4E49D7CB61E4004D05D82 /* Space.h */ = {isa = PBXFileReference; fileEncoding = 4; lastKnownFileType = sourcecode.c.h; path = Space.h; sourceTree = "<group>"; };
		31F4E4B15EA4FAA747CF9937 /* Ship.h */ = {isa = PBXFileReference; fileEncoding = 4; lastKnownFileType = sourcecode.c.h; path = Ship.h; sourceTree = "<group>"; };
		31F4E5263F81E6C6C9783959 /* Collider.h */ = {isa = PBXFileReference; fileEncoding = 4; lastKnownFileType = sourcecode.c.h; name = Collider.h; path = ../../common/Collider.h; sourceTree = "<group>"; };
		31F4E5E78B8447C8DE869924 /* Drawable.h */ = {isa = PBXFileReference; fileEncoding = 4; lastKnownFileType = sourcecode.c.h; name = Drawable.h; path = ../../common/Drawable.h; sourceTree = "<group>"; };
		31F4E6F84F2E36FB4B4A628A /* OpenGL.h */ = {isa = PBXFileReference; fileEncoding = 4; lastKnownFileType = sourcecode.c.h; name = OpenGL.h; path = ../../common/OpenGL.h; sourceTree = "<group>"; };
		31F4E6FC79EBD1AB09696328 /* Shader.h */ = {isa = PBXFileReference; fileEncoding = 4; lastKnownFileType = sourcecode.c.h; path = Shader.h; sourceTree = "<group>"; };
		31F4E807890989FDBA528231 /* SpaceArchitect.h */ = {isa = PBXFileReference; fileEncoding = 4; lastKnownFileType = sourcecode.c.h; path = SpaceArchitect.h; sourceTree = "<group>"; };
		31F4E91FC262E87FA5860301 /* Math2D.h */ = {isa = PBXFileReference; fileEncoding = 4; lastKnownFileType = sourcecode.c.h; name = Math2D.h; path = ../../common/Math2D.h; sourceTree = "<group>"; };
		31F4E9631CBC8B0248D3684F /* Logger.cpp */ = {isa = PBXFileReference; fileEncoding = 4; lastKnownFileType = sourcecode.cpp.cpp; path = Logger.cpp; sourceTree = "<group>"; };
		31F4EA857BA249D62F685ACB /* Math2DTest.h */ = {isa = PBXFileReference; fileEncoding = 4; lastKnownFileType = sourcecode.c.h; path = Math2DTest.h; sourceTree = "<group>"; };
		31F4EB1A28F15068CABD9381 /* AppDelegate.mm */ = {isa = PBXFileReference; fileEncoding = 4; lastKnownFileType = sourcecode.cpp.objcpp; path = AppDelegate.mm; sourceTree = "<group>"; };
		31F4EB31693DC5AF863B8889 /* GameViewController.mm */ = {isa = PBXFileReference; fileEncoding = 4; lastKnownFileType = sourcecode.cpp.objcpp; path = GameViewController.mm; sourceTree = "<group>"; };
		31F4EB7F0E3BBD6D51EBEB6D /* SpaceObject.h */ = {isa = PBXFileReference; fileEncoding = 4; lastKnownFileType = sourcecode.c.h; path = SpaceObject.h; sourceTree = "<group>"; };
		31F4EBCBDCD405A399B50D2F /* SpaceArchitect.cpp */ = {isa = PBXFileReference; fileEncoding = 4; lastKnownFileType = sourcecode.cpp.cpp; path = SpaceArchitect.cpp; sourceTree = "<group>"; };
		31F4EC2407C131C4E48C56F4 /* Main.storyboard */ = {isa = PBXFileReference; lastKnownFileType = file.storyboard; path = Main.storyboard; sourceTree = "<group>"; };
		31F4EC3816FFC103C757A169 /* Asteroid.cpp */ = {isa = PBXFileReference; fileEncoding = 4; lastKnownFileType = sourcecode.cpp.cpp; path = Asteroid.cpp; sourceTree = "<group>"; };
		31F4ED42269E31817CB586F7 /* Logger.h */ = {isa = PBXFileReference; fileEncoding = 4; lastKnownFileType = sourcecode.c.h; path = Logger.h; sourceTree = "<group>"; };
		31F4ED7DC2434772365C93DC /* Game.h */ = {isa = PBXFileReference; fileEncoding = 4; lastKnownFileType = sourcecode.c.h; name = Game.h; path = ../../common/Game.h; sourceTree = "<group>"; };
		31F4EDD7F7E92C0338A7C099 /* Plasmoid.h */ = {isa = PBXFileReference; fileEncoding = 4; lastKnownFileType = sourcecode.c.h; path = Plasmoid.h; sourceTree = "<group>"; };
		31F4EE2ABD25D9750CB1B29C /* Math2D.cpp */ = {isa = PBXFileReference; fileEncoding = 4; lastKnownFileType = sourcecode.cpp.cpp; name = Math2D.cpp; path = ../../common/Math2D.cpp; sourceTree = "<group>"; };
		31F4EEA73B747DF93993E514 /* Shader.mm */ = {isa = PBXFileReference; fileEncoding = 4; lastKnownFileType = sourcecode.cpp.objcpp; path = Shader.mm; sourceTree = "<group>"; };
		31F4EECD6AB5AE27687FCDD0 /* Game.cpp */ = {isa = PBXFileReference; fileEncoding = 4; lastKnownFileType = sourcecode.cpp.cpp; name = Game.cpp; path = ../../common/Game.cpp; sourceTree = "<group>"; };
		31F4EED7375F9F6783631C02 /* shader.fsh */ = {isa = PBXFileReference; fileEncoding = 4; lastKnownFileType = sourcecode.glsl; path = shader.fsh; sourceTree = "<group>"; };
		4A65B4B717FBFE6000661974 /* AVFoundation.framework */ = {isa = PBXFileReference; lastKnownFileType = wrapper.framework; name = AVFoundation.framework; path = System/Library/Frameworks/AVFoundation.framework; sourceTree = SDKROOT; };
		4A65B4B917FC015000661974 /* plasmoid.m4a */ = {isa = PBXFileReference; lastKnownFileType = file; path = plasmoid.m4a; sourceTree = "<group>"; };
		4A65B4BB17FC18EF00661974 /* asteroid_bang.m4a */ = {isa = PBXFileReference; lastKnownFileType = file; path = asteroid_bang.m4a; sourceTree = "<group>"; };
		4A65B4BC17FC18EF00661974 /* crash.m4a */ = {isa = PBXFileReference; lastKnownFileType = file; path = crash.m4a; sourceTree = "<group>"; };
		4A785AD617D0E3FB00CB9555 /* Asteroid Ninja.app */ = {isa = PBXFileReference; explicitFileType = wrapper.application; includeInIndex = 0; path = "Asteroid Ninja.app"; sourceTree = BUILT_PRODUCTS_DIR; };
		4A785AD917D0E3FB00CB9555 /* UIKit.framework */ = {isa = PBXFileReference; lastKnownFileType = wrapper.framework; name = UIKit.framework; path = System/Library/Frameworks/UIKit.framework; sourceTree = SDKROOT; };
		4A785ADB17D0E3FB00CB9555 /* Foundation.framework */ = {isa = PBXFileReference; lastKnownFileType = wrapper.framework; name = Foundation.framework; path = System/Library/Frameworks/Foundation.framework; sourceTree = SDKROOT; };
		4A785ADD17D0E3FB00CB9555 /* CoreGraphics.framework */ = {isa = PBXFileReference; lastKnownFileType = wrapper.framework; name = CoreGraphics.framework; path = System/Library/Frameworks/CoreGraphics.framework; sourceTree = SDKROOT; };
		4A785AE117D0E3FB00CB9555 /* OpenGLES.framework */ = {isa = PBXFileReference; lastKnownFileType = wrapper.framework; name = OpenGLES.framework; path = System/Library/Frameworks/OpenGLES.framework; sourceTree = SDKROOT; };
		4A785AE517D0E3FB00CB9555 /* Asteroid Ninja-Info.plist */ = {isa = PBXFileReference; lastKnownFileType = text.plist.xml; path = "Asteroid Ninja-Info.plist"; sourceTree = "<group>"; };
		4A785AE717D0E3FB00CB9555 /* en */ = {isa = PBXFileReference; lastKnownFileType = text.plist.strings; name = en; path = en.lproj/InfoPlist.strings; sourceTree = "<group>"; };
		4A785AE917D0E3FB00CB9555 /* main.m */ = {isa = PBXFileReference; lastKnownFileType = sourcecode.c.objc; path = main.m; sourceTree = "<group>"; };
		4A785AEB17D0E3FB00CB9555 /* Asteroid Ninja-Prefix.pch */ = {isa = PBXFileReference; lastKnownFileType = sourcecode.c.h; path = "Asteroid Ninja-Prefix.pch"; sourceTree = "<group>"; };
		4A785AEF17D0E3FB00CB9555 /* Default.png */ = {isa = PBXFileReference; lastKnownFileType = image.png; path = Default.png; sourceTree = "<group>"; };
		4A785AF117D0E3FB00CB9555 /* Default@2x.png */ = {isa = PBXFileReference; lastKnownFileType = image.png; path = "Default@2x.png"; sourceTree = "<group>"; };
		4A785AF317D0E3FB00CB9555 /* Default-568h@2x.png */ = {isa = PBXFileReference; lastKnownFileType = image.png; path = "Default-568h@2x.png"; sourceTree = "<group>"; };
		4A785B0717D0E3FC00CB9555 /* Asteroid NinjaTests.octest */ = {isa = PBXFileReference; explicitFileType = wrapper.cfbundle; includeInIndex = 0; path = "Asteroid NinjaTests.octest"; sourceTree = BUILT_PRODUCTS_DIR; };
		4A785B0817D0E3FC00CB9555 /* SenTestingKit.framework */ = {isa = PBXFileReference; lastKnownFileType = wrapper.framework; name = SenTestingKit.framework; path = Library/Frameworks/SenTestingKit.framework; sourceTree = DEVELOPER_DIR; };
		4A785B1017D0E3FC00CB9555 /* Asteroid NinjaTests-Info.plist */ = {isa = PBXFileReference; lastKnownFileType = text.plist.xml; path = "Asteroid NinjaTests-Info.plist"; sourceTree = "<group>"; };
		4A785B1217D0E3FC00CB9555 /* en */ = {isa = PBXFileReference; lastKnownFileType = text.plist.strings; name = en; path = en.lproj/InfoPlist.strings; sourceTree = "<group>"; };
		4A785B2817D5190A00CB9555 /* QuartzCore.framework */ = {isa = PBXFileReference; lastKnownFileType = wrapper.framework; name = QuartzCore.framework; path = System/Library/Frameworks/QuartzCore.framework; sourceTree = SDKROOT; };
		4AB6C2FC17ECB381008A2D67 /* atack_btn.png */ = {isa = PBXFileReference; lastKnownFileType = image.png; path = atack_btn.png; sourceTree = "<group>"; };
		4AB6C2FD17ECB381008A2D67 /* joystick_field.png */ = {isa = PBXFileReference; lastKnownFileType = image.png; path = joystick_field.png; sourceTree = "<group>"; };
		4AB6C2FE17ECB381008A2D67 /* joystick_body.png */ = {isa = PBXFileReference; lastKnownFileType = image.png; path = joystick_body.png; sourceTree = "<group>"; };
		4AD7D14917F036AC0055A1A8 /* Spacecraft-In-Space-646x970.jpg */ = {isa = PBXFileReference; lastKnownFileType = image.jpeg; path = "Spacecraft-In-Space-646x970.jpg"; sourceTree = "<group>"; };
/* End PBXFileReference section */

/* Begin PBXFrameworksBuildPhase section */
		4A785AD317D0E3FB00CB9555 /* Frameworks */ = {
			isa = PBXFrameworksBuildPhase;
			buildActionMask = 2147483647;
			files = (
				4A65B4B817FBFE6000661974 /* AVFoundation.framework in Frameworks */,
				4A785B2917D5190A00CB9555 /* QuartzCore.framework in Frameworks */,
				4A785ADA17D0E3FB00CB9555 /* UIKit.framework in Frameworks */,
				4A785ADC17D0E3FB00CB9555 /* Foundation.framework in Frameworks */,
				4A785ADE17D0E3FB00CB9555 /* CoreGraphics.framework in Frameworks */,
				4A785AE217D0E3FB00CB9555 /* OpenGLES.framework in Frameworks */,
			);
			runOnlyForDeploymentPostprocessing = 0;
		};
		4A785B0317D0E3FC00CB9555 /* Frameworks */ = {
			isa = PBXFrameworksBuildPhase;
			buildActionMask = 2147483647;
			files = (
				4A785B0917D0E3FC00CB9555 /* SenTestingKit.framework in Frameworks */,
				4A785B0A17D0E3FC00CB9555 /* UIKit.framework in Frameworks */,
				4A785B0B17D0E3FC00CB9555 /* Foundation.framework in Frameworks */,
			);
			runOnlyForDeploymentPostprocessing = 0;
		};
/* End PBXFrameworksBuildPhase section */

/* Begin PBXGroup section */
		31F4E2EF408E8C13CE600B9C /* log */ = {
			isa = PBXGroup;
			children = (
				31F4ED42269E31817CB586F7 /* Logger.h */,
				31F4E9631CBC8B0248D3684F /* Logger.cpp */,
			);
			name = log;
			path = ../../common/log;
			sourceTree = "<group>";
		};
		31F4E4323B6E84AD769CDA95 /* iClasses */ = {
			isa = PBXGroup;
			children = (
				31F4E47FE9163CAC557EE334 /* GameViewController.h */,
				31F4EB31693DC5AF863B8889 /* GameViewController.mm */,
				31F4EC2407C131C4E48C56F4 /* Main.storyboard */,
				31F4E21BCD5137779840F330 /* GameView2D.mm */,
				31F4E3AE106166E9861B5A6F /* GameView2D.h */,
				31F4EB1A28F15068CABD9381 /* AppDelegate.mm */,
				31F4E11D3AFC55EE2A880FB6 /* AppDelegate.h */,
			);
			name = iClasses;
			sourceTree = "<group>";
		};
		31F4E60B320737CD0B815D72 /* shader */ = {
			isa = PBXGroup;
			children = (
				31F4EED7375F9F6783631C02 /* shader.fsh */,
				31F4E26C320E8654FC3FFEBF /* shader.vsh */,
			);
			name = shader;
			path = ../../common/shader;
			sourceTree = "<group>";
		};
		31F4E9F3EB2AE36DD223485C /* space */ = {
			isa = PBXGroup;
			children = (
				31F4E49D74A88B9F59954578 /* SpaceObject.cpp */,
				31F4EB7F0E3BBD6D51EBEB6D /* SpaceObject.h */,
				31F4E079A80F0DE812A5E484 /* Space.cpp */,
				31F4E49D7CB61E4004D05D82 /* Space.h */,
				31F4E3DAAE09017503A7FDDE /* Ship.cpp */,
				31F4E4B15EA4FAA747CF9937 /* Ship.h */,
				31F4E0F697341A57E2636D6D /* Plasmoid.cpp */,
				31F4EDD7F7E92C0338A7C099 /* Plasmoid.h */,
				31F4EC3816FFC103C757A169 /* Asteroid.cpp */,
				31F4E11F0DD92E05FF871E5D /* Asteroid.h */,
				31F4EBCBDCD405A399B50D2F /* SpaceArchitect.cpp */,
				31F4E807890989FDBA528231 /* SpaceArchitect.h */,
			);
			name = space;
			path = ../../common/space;
			sourceTree = "<group>";
		};
		4A65B4B417FBFD4A00661974 /* sounds */ = {
			isa = PBXGroup;
			children = (
				4A65B4BB17FC18EF00661974 /* asteroid_bang.m4a */,
				4A65B4BC17FC18EF00661974 /* crash.m4a */,
				4A65B4B917FC015000661974 /* plasmoid.m4a */,
			);
			path = sounds;
			sourceTree = "<group>";
		};
		4A785ACD17D0E3FB00CB9555 = {
			isa = PBXGroup;
			children = (
				4A785B2817D5190A00CB9555 /* QuartzCore.framework */,
				4A785AE317D0E3FB00CB9555 /* Asteroid Ninja */,
				4A785B0E17D0E3FC00CB9555 /* Asteroid NinjaTests */,
				4A785AD817D0E3FB00CB9555 /* Frameworks */,
				4A785AD717D0E3FB00CB9555 /* Products */,
			);
			sourceTree = "<group>";
		};
		4A785AD717D0E3FB00CB9555 /* Products */ = {
			isa = PBXGroup;
			children = (
				4A785AD617D0E3FB00CB9555 /* Asteroid Ninja.app */,
				4A785B0717D0E3FC00CB9555 /* Asteroid NinjaTests.octest */,
			);
			name = Products;
			sourceTree = "<group>";
		};
		4A785AD817D0E3FB00CB9555 /* Frameworks */ = {
			isa = PBXGroup;
			children = (
				4A65B4B717FBFE6000661974 /* AVFoundation.framework */,
				4A785AD917D0E3FB00CB9555 /* UIKit.framework */,
				4A785ADB17D0E3FB00CB9555 /* Foundation.framework */,
				4A785ADD17D0E3FB00CB9555 /* CoreGraphics.framework */,
				4A785AE117D0E3FB00CB9555 /* OpenGLES.framework */,
				4A785B0817D0E3FC00CB9555 /* SenTestingKit.framework */,
			);
			name = Frameworks;
			sourceTree = "<group>";
		};
		4A785AE317D0E3FB00CB9555 /* Asteroid Ninja */ = {
			isa = PBXGroup;
			children = (
				4AB6C2FB17ECB381008A2D67 /* assets */,
				4A785B1F17D4EFB200CB9555 /* Classes */,
				4A785AE417D0E3FB00CB9555 /* Supporting Files */,
				31F4E60B320737CD0B815D72 /* shader */,
			);
			path = "Asteroid Ninja";
			sourceTree = "<group>";
		};
		4A785AE417D0E3FB00CB9555 /* Supporting Files */ = {
			isa = PBXGroup;
			children = (
				4A785AE517D0E3FB00CB9555 /* Asteroid Ninja-Info.plist */,
				4A785AE617D0E3FB00CB9555 /* InfoPlist.strings */,
				4A785AE917D0E3FB00CB9555 /* main.m */,
				4A785AEB17D0E3FB00CB9555 /* Asteroid Ninja-Prefix.pch */,
				4A785AEF17D0E3FB00CB9555 /* Default.png */,
				4A785AF117D0E3FB00CB9555 /* Default@2x.png */,
				4A785AF317D0E3FB00CB9555 /* Default-568h@2x.png */,
			);
			name = "Supporting Files";
			sourceTree = "<group>";
		};
		4A785B0E17D0E3FC00CB9555 /* Asteroid NinjaTests */ = {
			isa = PBXGroup;
			children = (
				4A785B0F17D0E3FC00CB9555 /* Supporting Files */,
				31F4EA857BA249D62F685ACB /* Math2DTest.h */,
				31F4E0AEF547856665EE0535 /* Math2DTest.mm */,
			);
			path = "Asteroid NinjaTests";
			sourceTree = "<group>";
		};
		4A785B0F17D0E3FC00CB9555 /* Supporting Files */ = {
			isa = PBXGroup;
			children = (
				4A785B1017D0E3FC00CB9555 /* Asteroid NinjaTests-Info.plist */,
				4A785B1117D0E3FC00CB9555 /* InfoPlist.strings */,
			);
			name = "Supporting Files";
			sourceTree = "<group>";
		};
		4A785B1F17D4EFB200CB9555 /* Classes */ = {
			isa = PBXGroup;
			children = (
				31F4E6FC79EBD1AB09696328 /* Shader.h */,
				31F4EEA73B747DF93993E514 /* Shader.mm */,
				31F4EECD6AB5AE27687FCDD0 /* Game.cpp */,
				31F4ED7DC2434772365C93DC /* Game.h */,
				31F4E2EF408E8C13CE600B9C /* log */,
				31F4E9F3EB2AE36DD223485C /* space */,
				31F4EE2ABD25D9750CB1B29C /* Math2D.cpp */,
				31F4E91FC262E87FA5860301 /* Math2D.h */,
				31F4E6F84F2E36FB4B4A628A /* OpenGL.h */,
				31F4E5E78B8447C8DE869924 /* Drawable.h */,
				31F4E4323B6E84AD769CDA95 /* iClasses */,
				31F4E5263F81E6C6C9783959 /* Collider.h */,
			);
			name = Classes;
			sourceTree = "<group>";
		};
		4AB6C2FB17ECB381008A2D67 /* assets */ = {
			isa = PBXGroup;
			children = (
				4A65B4B417FBFD4A00661974 /* sounds */,
				4AD7D14917F036AC0055A1A8 /* Spacecraft-In-Space-646x970.jpg */,
				4AB6C2FC17ECB381008A2D67 /* atack_btn.png */,
				4AB6C2FD17ECB381008A2D67 /* joystick_field.png */,
				4AB6C2FE17ECB381008A2D67 /* joystick_body.png */,
			);
			name = assets;
			path = ../../assets;
			sourceTree = "<group>";
		};
/* End PBXGroup section */

/* Begin PBXNativeTarget section */
		4A785AD517D0E3FB00CB9555 /* Asteroid Ninja */ = {
			isa = PBXNativeTarget;
			buildConfigurationList = 4A785B1917D0E3FC00CB9555 /* Build configuration list for PBXNativeTarget "Asteroid Ninja" */;
			buildPhases = (
				4A785AD217D0E3FB00CB9555 /* Sources */,
				4A785AD317D0E3FB00CB9555 /* Frameworks */,
				4A785AD417D0E3FB00CB9555 /* Resources */,
			);
			buildRules = (
			);
			dependencies = (
			);
			name = "Asteroid Ninja";
			productName = "Asteroid Ninja";
			productReference = 4A785AD617D0E3FB00CB9555 /* Asteroid Ninja.app */;
			productType = "com.apple.product-type.application";
		};
		4A785B0617D0E3FC00CB9555 /* Asteroid NinjaTests */ = {
			isa = PBXNativeTarget;
			buildConfigurationList = 4A785B1C17D0E3FC00CB9555 /* Build configuration list for PBXNativeTarget "Asteroid NinjaTests" */;
			buildPhases = (
				4A785B0217D0E3FC00CB9555 /* Sources */,
				4A785B0317D0E3FC00CB9555 /* Frameworks */,
				4A785B0417D0E3FC00CB9555 /* Resources */,
				4A785B0517D0E3FC00CB9555 /* ShellScript */,
			);
			buildRules = (
			);
			dependencies = (
				4A785B0D17D0E3FC00CB9555 /* PBXTargetDependency */,
			);
			name = "Asteroid NinjaTests";
			productName = "Asteroid NinjaTests";
			productReference = 4A785B0717D0E3FC00CB9555 /* Asteroid NinjaTests.octest */;
			productType = "com.apple.product-type.bundle";
		};
/* End PBXNativeTarget section */

/* Begin PBXProject section */
		4A785ACE17D0E3FB00CB9555 /* Project object */ = {
			isa = PBXProject;
			attributes = {
				LastUpgradeCheck = 0460;
				ORGANIZATIONNAME = "Anton Gaenko";
			};
			buildConfigurationList = 4A785AD117D0E3FB00CB9555 /* Build configuration list for PBXProject "Asteroid Ninja" */;
			compatibilityVersion = "Xcode 3.2";
			developmentRegion = English;
			hasScannedForEncodings = 0;
			knownRegions = (
				en,
			);
			mainGroup = 4A785ACD17D0E3FB00CB9555;
			productRefGroup = 4A785AD717D0E3FB00CB9555 /* Products */;
			projectDirPath = "";
			projectRoot = "";
			targets = (
				4A785AD517D0E3FB00CB9555 /* Asteroid Ninja */,
				4A785B0617D0E3FC00CB9555 /* Asteroid NinjaTests */,
			);
		};
/* End PBXProject section */

/* Begin PBXResourcesBuildPhase section */
		4A785AD417D0E3FB00CB9555 /* Resources */ = {
			isa = PBXResourcesBuildPhase;
			buildActionMask = 2147483647;
			files = (
				4A785AE817D0E3FB00CB9555 /* InfoPlist.strings in Resources */,
				4A785AF017D0E3FB00CB9555 /* Default.png in Resources */,
				4AD7D14A17F036AC0055A1A8 /* Spacecraft-In-Space-646x970.jpg in Resources */,
				4A785AF217D0E3FB00CB9555 /* Default@2x.png in Resources */,
				4A785AF417D0E3FB00CB9555 /* Default-568h@2x.png in Resources */,
				31F4EADBBB5843C0D2694491 /* shader.fsh in Resources */,
				4A65B4BA17FC015000661974 /* plasmoid.m4a in Resources */,
				31F4EE0B5097FB40E61667A3 /* shader.vsh in Resources */,
				4AB6C2FF17ECB381008A2D67 /* atack_btn.png in Resources */,
				4AB6C30017ECB381008A2D67 /* joystick_field.png in Resources */,
				4AB6C30117ECB381008A2D67 /* joystick_body.png in Resources */,
				31F4E531E12BEE42BDA8E8E0 /* Main.storyboard in Resources */,
				4A65B4BE17FC18EF00661974 /* crash.m4a in Resources */,
				4A65B4BD17FC18EF00661974 /* asteroid_bang.m4a in Resources */,
			);
			runOnlyForDeploymentPostprocessing = 0;
		};
		4A785B0417D0E3FC00CB9555 /* Resources */ = {
			isa = PBXResourcesBuildPhase;
			buildActionMask = 2147483647;
			files = (
				4A785B1317D0E3FC00CB9555 /* InfoPlist.strings in Resources */,
			);
			runOnlyForDeploymentPostprocessing = 0;
		};
/* End PBXResourcesBuildPhase section */

/* Begin PBXShellScriptBuildPhase section */
		4A785B0517D0E3FC00CB9555 /* ShellScript */ = {
			isa = PBXShellScriptBuildPhase;
			buildActionMask = 2147483647;
			files = (
			);
			inputPaths = (
			);
			outputPaths = (
			);
			runOnlyForDeploymentPostprocessing = 0;
			shellPath = /bin/sh;
			shellScript = "# Run the unit tests in this test bundle.\n\"${SYSTEM_DEVELOPER_DIR}/Tools/RunUnitTests\"\n";
		};
/* End PBXShellScriptBuildPhase section */

/* Begin PBXSourcesBuildPhase section */
		4A785AD217D0E3FB00CB9555 /* Sources */ = {
			isa = PBXSourcesBuildPhase;
			buildActionMask = 2147483647;
			files = (
				4A785AEA17D0E3FB00CB9555 /* main.m in Sources */,
				31F4E5F63F2A3934F506AC47 /* Shader.mm in Sources */,
				31F4E4D89C5EBA5C17A977DE /* Game.cpp in Sources */,
				31F4EF9065B79E467701570E /* Logger.cpp in Sources */,
				31F4E4ED128D697BFFB42C4B /* SpaceObject.cpp in Sources */,
				31F4E65A23E4FBA11387314B /* Math2D.cpp in Sources */,
				31F4E53C5A1767403A4200CF /* Space.cpp in Sources */,
				31F4E3575761C049199FB9A4 /* Ship.cpp in Sources */,
				31F4E083AD18DC1741B04FC9 /* Plasmoid.cpp in Sources */,
				31F4EE57AF5AE8CA6983253A /* Asteroid.cpp in Sources */,
				31F4EA088805C2B1F6E00BF3 /* SpaceArchitect.cpp in Sources */,
				31F4EF29961B6D130B8504B9 /* GameViewController.mm in Sources */,
				31F4E1B84BE10B92B6EDFCEF /* GameView2D.mm in Sources */,
				31F4E9848FC35AA5F02927AD /* AppDelegate.mm in Sources */,
			);
			runOnlyForDeploymentPostprocessing = 0;
		};
		4A785B0217D0E3FC00CB9555 /* Sources */ = {
			isa = PBXSourcesBuildPhase;
			buildActionMask = 2147483647;
			files = (
				31F4E49B3D17C94288EACD4F /* Math2DTest.mm in Sources */,
			);
			runOnlyForDeploymentPostprocessing = 0;
		};
/* End PBXSourcesBuildPhase section */

/* Begin PBXTargetDependency section */
		4A785B0D17D0E3FC00CB9555 /* PBXTargetDependency */ = {
			isa = PBXTargetDependency;
			target = 4A785AD517D0E3FB00CB9555 /* Asteroid Ninja */;
			targetProxy = 4A785B0C17D0E3FC00CB9555 /* PBXContainerItemProxy */;
		};
/* End PBXTargetDependency section */

/* Begin PBXVariantGroup section */
		4A785AE617D0E3FB00CB9555 /* InfoPlist.strings */ = {
			isa = PBXVariantGroup;
			children = (
				4A785AE717D0E3FB00CB9555 /* en */,
			);
			name = InfoPlist.strings;
			sourceTree = "<group>";
		};
		4A785B1117D0E3FC00CB9555 /* InfoPlist.strings */ = {
			isa = PBXVariantGroup;
			children = (
				4A785B1217D0E3FC00CB9555 /* en */,
			);
			name = InfoPlist.strings;
			sourceTree = "<group>";
		};
/* End PBXVariantGroup section */

/* Begin XCBuildConfiguration section */
		4A785B1717D0E3FC00CB9555 /* Debug */ = {
			isa = XCBuildConfiguration;
			buildSettings = {
				ALWAYS_SEARCH_USER_PATHS = NO;
				CLANG_CXX_LANGUAGE_STANDARD = "c++0x";
				CLANG_CXX_LIBRARY = "libc++";
				CLANG_ENABLE_OBJC_ARC = YES;
				CLANG_WARN_CONSTANT_CONVERSION = YES;
				CLANG_WARN_EMPTY_BODY = YES;
				CLANG_WARN_ENUM_CONVERSION = YES;
				CLANG_WARN_INT_CONVERSION = YES;
				CLANG_WARN__DUPLICATE_METHOD_MATCH = YES;
				"CODE_SIGN_IDENTITY[sdk=iphoneos*]" = "iPhone Developer";
				COPY_PHASE_STRIP = NO;
				GCC_C_LANGUAGE_STANDARD = gnu99;
				GCC_DYNAMIC_NO_PIC = NO;
				GCC_OPTIMIZATION_LEVEL = 0;
				GCC_PREPROCESSOR_DEFINITIONS = (
					"DEBUG=1",
					"$(inherited)",
				);
				GCC_SYMBOLS_PRIVATE_EXTERN = NO;
				GCC_WARN_ABOUT_RETURN_TYPE = YES;
				GCC_WARN_UNINITIALIZED_AUTOS = YES;
				GCC_WARN_UNUSED_VARIABLE = YES;
				IPHONEOS_DEPLOYMENT_TARGET = 6.1;
				ONLY_ACTIVE_ARCH = YES;
				SDKROOT = iphoneos;
				TARGETED_DEVICE_FAMILY = "1,2";
			};
			name = Debug;
		};
		4A785B1817D0E3FC00CB9555 /* Release */ = {
			isa = XCBuildConfiguration;
			buildSettings = {
				ALWAYS_SEARCH_USER_PATHS = NO;
				CLANG_CXX_LANGUAGE_STANDARD = "c++0x";
				CLANG_CXX_LIBRARY = "libc++";
				CLANG_ENABLE_OBJC_ARC = YES;
				CLANG_WARN_CONSTANT_CONVERSION = YES;
				CLANG_WARN_EMPTY_BODY = YES;
				CLANG_WARN_ENUM_CONVERSION = YES;
				CLANG_WARN_INT_CONVERSION = YES;
				CLANG_WARN__DUPLICATE_METHOD_MATCH = YES;
				"CODE_SIGN_IDENTITY[sdk=iphoneos*]" = "iPhone Developer";
				COPY_PHASE_STRIP = YES;
				GCC_C_LANGUAGE_STANDARD = gnu99;
				GCC_WARN_ABOUT_RETURN_TYPE = YES;
				GCC_WARN_UNINITIALIZED_AUTOS = YES;
				GCC_WARN_UNUSED_VARIABLE = YES;
				IPHONEOS_DEPLOYMENT_TARGET = 6.1;
				OTHER_CFLAGS = "-DNS_BLOCK_ASSERTIONS=1";
				SDKROOT = iphoneos;
				TARGETED_DEVICE_FAMILY = "1,2";
				VALIDATE_PRODUCT = YES;
			};
			name = Release;
		};
		4A785B1A17D0E3FC00CB9555 /* Debug */ = {
			isa = XCBuildConfiguration;
			buildSettings = {
				CLANG_CXX_LANGUAGE_STANDARD = "c++0x";
				CLANG_CXX_LIBRARY = "libc++";
				GCC_C_LANGUAGE_STANDARD = c11;
				GCC_PRECOMPILE_PREFIX_HEADER = YES;
				GCC_PREFIX_HEADER = "Asteroid Ninja/Asteroid Ninja-Prefix.pch";
				INFOPLIST_FILE = "Asteroid Ninja/Asteroid Ninja-Info.plist";
				PRODUCT_NAME = "$(TARGET_NAME)";
				WRAPPER_EXTENSION = app;
			};
			name = Debug;
		};
		4A785B1B17D0E3FC00CB9555 /* Release */ = {
			isa = XCBuildConfiguration;
			buildSettings = {
				CLANG_CXX_LANGUAGE_STANDARD = "c++0x";
				CLANG_CXX_LIBRARY = "libc++";
				GCC_C_LANGUAGE_STANDARD = c11;
				GCC_PRECOMPILE_PREFIX_HEADER = YES;
				GCC_PREFIX_HEADER = "Asteroid Ninja/Asteroid Ninja-Prefix.pch";
				INFOPLIST_FILE = "Asteroid Ninja/Asteroid Ninja-Info.plist";
				PRODUCT_NAME = "$(TARGET_NAME)";
				WRAPPER_EXTENSION = app;
			};
			name = Release;
		};
		4A785B1D17D0E3FC00CB9555 /* Debug */ = {
			isa = XCBuildConfiguration;
			buildSettings = {
				BUNDLE_LOADER = "$(BUILT_PRODUCTS_DIR)/Asteroid Ninja.app/Asteroid Ninja";
				FRAMEWORK_SEARCH_PATHS = (
					"\"$(SDKROOT)/Developer/Library/Frameworks\"",
					"\"$(DEVELOPER_LIBRARY_DIR)/Frameworks\"",
				);
				GCC_PRECOMPILE_PREFIX_HEADER = YES;
				GCC_PREFIX_HEADER = "Asteroid Ninja/Asteroid Ninja-Prefix.pch";
				INFOPLIST_FILE = "Asteroid NinjaTests/Asteroid NinjaTests-Info.plist";
				PRODUCT_NAME = "$(TARGET_NAME)";
				TEST_HOST = "$(BUNDLE_LOADER)";
				WRAPPER_EXTENSION = octest;
			};
			name = Debug;
		};
		4A785B1E17D0E3FC00CB9555 /* Release */ = {
			isa = XCBuildConfiguration;
			buildSettings = {
				BUNDLE_LOADER = "$(BUILT_PRODUCTS_DIR)/Asteroid Ninja.app/Asteroid Ninja";
				FRAMEWORK_SEARCH_PATHS = (
					"\"$(SDKROOT)/Developer/Library/Frameworks\"",
					"\"$(DEVELOPER_LIBRARY_DIR)/Frameworks\"",
				);
				GCC_PRECOMPILE_PREFIX_HEADER = YES;
				GCC_PREFIX_HEADER = "Asteroid Ninja/Asteroid Ninja-Prefix.pch";
				INFOPLIST_FILE = "Asteroid NinjaTests/Asteroid NinjaTests-Info.plist";
				PRODUCT_NAME = "$(TARGET_NAME)";
				TEST_HOST = "$(BUNDLE_LOADER)";
				WRAPPER_EXTENSION = octest;
			};
			name = Release;
		};
/* End XCBuildConfiguration section */

/* Begin XCConfigurationList section */
		4A785AD117D0E3FB00CB9555 /* Build configuration list for PBXProject "Asteroid Ninja" */ = {
			isa = XCConfigurationList;
			buildConfigurations = (
				4A785B1717D0E3FC00CB9555 /* Debug */,
				4A785B1817D0E3FC00CB9555 /* Release */,
			);
			defaultConfigurationIsVisible = 0;
			defaultConfigurationName = Release;
		};
		4A785B1917D0E3FC00CB9555 /* Build configuration list for PBXNativeTarget "Asteroid Ninja" */ = {
			isa = XCConfigurationList;
			buildConfigurations = (
				4A785B1A17D0E3FC00CB9555 /* Debug */,
				4A785B1B17D0E3FC00CB9555 /* Release */,
			);
			defaultConfigurationIsVisible = 0;
			defaultConfigurationName = Release;
		};
		4A785B1C17D0E3FC00CB9555 /* Build configuration list for PBXNativeTarget "Asteroid NinjaTests" */ = {
			isa = XCConfigurationList;
			buildConfigurations = (
				4A785B1D17D0E3FC00CB9555 /* Debug */,
				4A785B1E17D0E3FC00CB9555 /* Release */,
			);
			defaultConfigurationIsVisible = 0;
			defaultConfigurationName = Release;
		};
/* End XCConfigurationList section */
	};
	rootObject = 4A785ACE17D0E3FB00CB9555 /* Project object */;
}
